// !$*UTF8*$!
{
	archiveVersion = 1;
	classes = {
	};
	objectVersion = 56;
	objects = {

/* Begin PBXBuildFile section */
		7C33143F2D21206300BEAF41 /* SimpleBankAppApp.swift in Sources */ = {isa = PBXBuildFile; fileRef = 7C33143E2D21206300BEAF41 /* SimpleBankAppApp.swift */; };
		7C3314412D21206300BEAF41 /* ContentView.swift in Sources */ = {isa = PBXBuildFile; fileRef = 7C3314402D21206300BEAF41 /* ContentView.swift */; };
		7C3314432D21206500BEAF41 /* Assets.xcassets in Resources */ = {isa = PBXBuildFile; fileRef = 7C3314422D21206500BEAF41 /* Assets.xcassets */; };
		7C3314462D21206500BEAF41 /* Preview Assets.xcassets in Resources */ = {isa = PBXBuildFile; fileRef = 7C3314452D21206500BEAF41 /* Preview Assets.xcassets */; };
		7C33144D2D21227D00BEAF41 /* AccountsView.swift in Sources */ = {isa = PBXBuildFile; fileRef = 7C33144C2D21227D00BEAF41 /* AccountsView.swift */; };
		7C33144F2D2122A600BEAF41 /* CardsView.swift in Sources */ = {isa = PBXBuildFile; fileRef = 7C33144E2D2122A600BEAF41 /* CardsView.swift */; };
		7C3314512D2122D700BEAF41 /* ContactsView.swift in Sources */ = {isa = PBXBuildFile; fileRef = 7C3314502D2122D700BEAF41 /* ContactsView.swift */; };
		7C3314532D21231300BEAF41 /* BranchesView.swift in Sources */ = {isa = PBXBuildFile; fileRef = 7C3314522D21231300BEAF41 /* BranchesView.swift */; };
		7C7ADC3A2D2A2DC60083520A /* ViewModifiersModule in Frameworks */ = {isa = PBXBuildFile; productRef = 7C7ADC392D2A2DC60083520A /* ViewModifiersModule */; };
		7C96767C2D238ACF00F5A8E7 /* Account.swift in Sources */ = {isa = PBXBuildFile; fileRef = 7C96767B2D238ACF00F5A8E7 /* Account.swift */; };
		7C96767E2D238B5600F5A8E7 /* AccountView.swift in Sources */ = {isa = PBXBuildFile; fileRef = 7C96767D2D238B5600F5A8E7 /* AccountView.swift */; };
		7C9676802D238F8B00F5A8E7 /* AccountsStorage.swift in Sources */ = {isa = PBXBuildFile; fileRef = 7C96767F2D238F8B00F5A8E7 /* AccountsStorage.swift */; };
		7C9676822D239B2200F5A8E7 /* Letter.swift in Sources */ = {isa = PBXBuildFile; fileRef = 7C9676812D239B2200F5A8E7 /* Letter.swift */; };
		7C9676842D239BE200F5A8E7 /* LetterView.swift in Sources */ = {isa = PBXBuildFile; fileRef = 7C9676832D239BE200F5A8E7 /* LetterView.swift */; };
		7C9676862D239DDB00F5A8E7 /* LettersStorage.swift in Sources */ = {isa = PBXBuildFile; fileRef = 7C9676852D239DDB00F5A8E7 /* LettersStorage.swift */; };
		7C9676882D23A45100F5A8E7 /* DepositView.swift in Sources */ = {isa = PBXBuildFile; fileRef = 7C9676872D23A45100F5A8E7 /* DepositView.swift */; };
		7C96768A2D23B19200F5A8E7 /* AccountsListView.swift in Sources */ = {isa = PBXBuildFile; fileRef = 7C9676892D23B19200F5A8E7 /* AccountsListView.swift */; };
		7C96768C2D23BC2F00F5A8E7 /* Card.swift in Sources */ = {isa = PBXBuildFile; fileRef = 7C96768B2D23BC2F00F5A8E7 /* Card.swift */; };
		7C9676902D24F5C900F5A8E7 /* CreatePaymentView.swift in Sources */ = {isa = PBXBuildFile; fileRef = 7C96768F2D24F5C900F5A8E7 /* CreatePaymentView.swift */; };
		7C9676922D25102400F5A8E7 /* CreateLetterView.swift in Sources */ = {isa = PBXBuildFile; fileRef = 7C9676912D25102400F5A8E7 /* CreateLetterView.swift */; };
		7C9676942D26450000F5A8E7 /* QRCodeView.swift in Sources */ = {isa = PBXBuildFile; fileRef = 7C9676932D26450000F5A8E7 /* QRCodeView.swift */; };
		7C9676972D264F6B00F5A8E7 /* CodeScanner in Frameworks */ = {isa = PBXBuildFile; productRef = 7C9676962D264F6B00F5A8E7 /* CodeScanner */; };
/* End PBXBuildFile section */

/* Begin PBXFileReference section */
		7C33143B2D21206300BEAF41 /* SimpleBankApp.app */ = {isa = PBXFileReference; explicitFileType = wrapper.application; includeInIndex = 0; path = SimpleBankApp.app; sourceTree = BUILT_PRODUCTS_DIR; };
		7C33143E2D21206300BEAF41 /* SimpleBankAppApp.swift */ = {isa = PBXFileReference; lastKnownFileType = sourcecode.swift; path = SimpleBankAppApp.swift; sourceTree = "<group>"; };
		7C3314402D21206300BEAF41 /* ContentView.swift */ = {isa = PBXFileReference; lastKnownFileType = sourcecode.swift; path = ContentView.swift; sourceTree = "<group>"; };
		7C3314422D21206500BEAF41 /* Assets.xcassets */ = {isa = PBXFileReference; lastKnownFileType = folder.assetcatalog; path = Assets.xcassets; sourceTree = "<group>"; };
		7C3314452D21206500BEAF41 /* Preview Assets.xcassets */ = {isa = PBXFileReference; lastKnownFileType = folder.assetcatalog; path = "Preview Assets.xcassets"; sourceTree = "<group>"; };
		7C33144C2D21227D00BEAF41 /* AccountsView.swift */ = {isa = PBXFileReference; lastKnownFileType = sourcecode.swift; path = AccountsView.swift; sourceTree = "<group>"; };
		7C33144E2D2122A600BEAF41 /* CardsView.swift */ = {isa = PBXFileReference; lastKnownFileType = sourcecode.swift; path = CardsView.swift; sourceTree = "<group>"; };
		7C3314502D2122D700BEAF41 /* ContactsView.swift */ = {isa = PBXFileReference; lastKnownFileType = sourcecode.swift; path = ContactsView.swift; sourceTree = "<group>"; };
		7C3314522D21231300BEAF41 /* BranchesView.swift */ = {isa = PBXFileReference; lastKnownFileType = sourcecode.swift; path = BranchesView.swift; sourceTree = "<group>"; };
		7C7ADC372D2A2DAD0083520A /* ViewModifiersModule */ = {isa = PBXFileReference; lastKnownFileType = wrapper; path = ViewModifiersModule; sourceTree = "<group>"; };
		7C96767B2D238ACF00F5A8E7 /* Account.swift */ = {isa = PBXFileReference; lastKnownFileType = sourcecode.swift; path = Account.swift; sourceTree = "<group>"; };
		7C96767D2D238B5600F5A8E7 /* AccountView.swift */ = {isa = PBXFileReference; lastKnownFileType = sourcecode.swift; path = AccountView.swift; sourceTree = "<group>"; };
		7C96767F2D238F8B00F5A8E7 /* AccountsStorage.swift */ = {isa = PBXFileReference; lastKnownFileType = sourcecode.swift; path = AccountsStorage.swift; sourceTree = "<group>"; };
		7C9676812D239B2200F5A8E7 /* Letter.swift */ = {isa = PBXFileReference; lastKnownFileType = sourcecode.swift; path = Letter.swift; sourceTree = "<group>"; };
		7C9676832D239BE200F5A8E7 /* LetterView.swift */ = {isa = PBXFileReference; lastKnownFileType = sourcecode.swift; path = LetterView.swift; sourceTree = "<group>"; };
		7C9676852D239DDB00F5A8E7 /* LettersStorage.swift */ = {isa = PBXFileReference; lastKnownFileType = sourcecode.swift; path = LettersStorage.swift; sourceTree = "<group>"; };
		7C9676872D23A45100F5A8E7 /* DepositView.swift */ = {isa = PBXFileReference; lastKnownFileType = sourcecode.swift; path = DepositView.swift; sourceTree = "<group>"; };
		7C9676892D23B19200F5A8E7 /* AccountsListView.swift */ = {isa = PBXFileReference; lastKnownFileType = sourcecode.swift; path = AccountsListView.swift; sourceTree = "<group>"; };
		7C96768B2D23BC2F00F5A8E7 /* Card.swift */ = {isa = PBXFileReference; lastKnownFileType = sourcecode.swift; path = Card.swift; sourceTree = "<group>"; };
		7C96768F2D24F5C900F5A8E7 /* CreatePaymentView.swift */ = {isa = PBXFileReference; lastKnownFileType = sourcecode.swift; path = CreatePaymentView.swift; sourceTree = "<group>"; };
		7C9676912D25102400F5A8E7 /* CreateLetterView.swift */ = {isa = PBXFileReference; lastKnownFileType = sourcecode.swift; path = CreateLetterView.swift; sourceTree = "<group>"; };
		7C9676932D26450000F5A8E7 /* QRCodeView.swift */ = {isa = PBXFileReference; lastKnownFileType = sourcecode.swift; path = QRCodeView.swift; sourceTree = "<group>"; };
/* End PBXFileReference section */

/* Begin PBXFrameworksBuildPhase section */
		7C3314382D21206300BEAF41 /* Frameworks */ = {
			isa = PBXFrameworksBuildPhase;
			buildActionMask = 2147483647;
			files = (
				7C7ADC3A2D2A2DC60083520A /* ViewModifiersModule in Frameworks */,
				7C9676972D264F6B00F5A8E7 /* CodeScanner in Frameworks */,
			);
			runOnlyForDeploymentPostprocessing = 0;
		};
/* End PBXFrameworksBuildPhase section */

/* Begin PBXGroup section */
		7C3314322D21206300BEAF41 = {
			isa = PBXGroup;
			children = (
				7C7ADC372D2A2DAD0083520A /* ViewModifiersModule */,
				7C33143D2D21206300BEAF41 /* SimpleBankApp */,
				7C33143C2D21206300BEAF41 /* Products */,
				7C7ADC382D2A2DC60083520A /* Frameworks */,
			);
			sourceTree = "<group>";
		};
		7C33143C2D21206300BEAF41 /* Products */ = {
			isa = PBXGroup;
			children = (
				7C33143B2D21206300BEAF41 /* SimpleBankApp.app */,
			);
			name = Products;
			sourceTree = "<group>";
		};
		7C33143D2D21206300BEAF41 /* SimpleBankApp */ = {
			isa = PBXGroup;
			children = (
				7C33143E2D21206300BEAF41 /* SimpleBankAppApp.swift */,
				7C3314402D21206300BEAF41 /* ContentView.swift */,
				7C33144C2D21227D00BEAF41 /* AccountsView.swift */,
				7C33144E2D2122A600BEAF41 /* CardsView.swift */,
				7C3314502D2122D700BEAF41 /* ContactsView.swift */,
				7C3314522D21231300BEAF41 /* BranchesView.swift */,
				7C96767D2D238B5600F5A8E7 /* AccountView.swift */,
				7C9676892D23B19200F5A8E7 /* AccountsListView.swift */,
				7C9676832D239BE200F5A8E7 /* LetterView.swift */,
				7C9676872D23A45100F5A8E7 /* DepositView.swift */,
				7C96768F2D24F5C900F5A8E7 /* CreatePaymentView.swift */,
				7C9676912D25102400F5A8E7 /* CreateLetterView.swift */,
				7C9676932D26450000F5A8E7 /* QRCodeView.swift */,
				7C96767B2D238ACF00F5A8E7 /* Account.swift */,
				7C9676812D239B2200F5A8E7 /* Letter.swift */,
				7C96768B2D23BC2F00F5A8E7 /* Card.swift */,
				7C96767F2D238F8B00F5A8E7 /* AccountsStorage.swift */,
				7C9676852D239DDB00F5A8E7 /* LettersStorage.swift */,
				7C3314422D21206500BEAF41 /* Assets.xcassets */,
				7C3314442D21206500BEAF41 /* Preview Content */,
			);
			path = SimpleBankApp;
			sourceTree = "<group>";
		};
		7C3314442D21206500BEAF41 /* Preview Content */ = {
			isa = PBXGroup;
			children = (
				7C3314452D21206500BEAF41 /* Preview Assets.xcassets */,
			);
			path = "Preview Content";
			sourceTree = "<group>";
		};
		7C7ADC382D2A2DC60083520A /* Frameworks */ = {
			isa = PBXGroup;
			children = (
			);
			name = Frameworks;
			sourceTree = "<group>";
		};
/* End PBXGroup section */

/* Begin PBXNativeTarget section */
		7C33143A2D21206300BEAF41 /* SimpleBankApp */ = {
			isa = PBXNativeTarget;
			buildConfigurationList = 7C3314492D21206500BEAF41 /* Build configuration list for PBXNativeTarget "SimpleBankApp" */;
			buildPhases = (
				7C3314372D21206300BEAF41 /* Sources */,
				7C3314382D21206300BEAF41 /* Frameworks */,
				7C3314392D21206300BEAF41 /* Resources */,
			);
			buildRules = (
			);
			dependencies = (
			);
			name = SimpleBankApp;
			packageProductDependencies = (
				7C9676962D264F6B00F5A8E7 /* CodeScanner */,
				7C7ADC392D2A2DC60083520A /* ViewModifiersModule */,
			);
			productName = SimpleBankApp;
			productReference = 7C33143B2D21206300BEAF41 /* SimpleBankApp.app */;
			productType = "com.apple.product-type.application";
		};
/* End PBXNativeTarget section */

/* Begin PBXProject section */
		7C3314332D21206300BEAF41 /* Project object */ = {
			isa = PBXProject;
			attributes = {
				BuildIndependentTargetsInParallel = 1;
				LastSwiftUpdateCheck = 1400;
				LastUpgradeCheck = 1400;
				TargetAttributes = {
					7C33143A2D21206300BEAF41 = {
						CreatedOnToolsVersion = 14.0.1;
					};
				};
			};
			buildConfigurationList = 7C3314362D21206300BEAF41 /* Build configuration list for PBXProject "SimpleBankApp" */;
			compatibilityVersion = "Xcode 14.0";
			developmentRegion = en;
			hasScannedForEncodings = 0;
			knownRegions = (
				en,
				Base,
			);
			mainGroup = 7C3314322D21206300BEAF41;
			packageReferences = (
				7C9676952D264F6B00F5A8E7 /* XCRemoteSwiftPackageReference "CodeScanner" */,
			);
			productRefGroup = 7C33143C2D21206300BEAF41 /* Products */;
			projectDirPath = "";
			projectRoot = "";
			targets = (
				7C33143A2D21206300BEAF41 /* SimpleBankApp */,
			);
		};
/* End PBXProject section */

/* Begin PBXResourcesBuildPhase section */
		7C3314392D21206300BEAF41 /* Resources */ = {
			isa = PBXResourcesBuildPhase;
			buildActionMask = 2147483647;
			files = (
				7C3314462D21206500BEAF41 /* Preview Assets.xcassets in Resources */,
				7C3314432D21206500BEAF41 /* Assets.xcassets in Resources */,
			);
			runOnlyForDeploymentPostprocessing = 0;
		};
/* End PBXResourcesBuildPhase section */

/* Begin PBXSourcesBuildPhase section */
		7C3314372D21206300BEAF41 /* Sources */ = {
			isa = PBXSourcesBuildPhase;
			buildActionMask = 2147483647;
			files = (
				7C3314412D21206300BEAF41 /* ContentView.swift in Sources */,
				7C33143F2D21206300BEAF41 /* SimpleBankAppApp.swift in Sources */,
				7C3314532D21231300BEAF41 /* BranchesView.swift in Sources */,
				7C33144F2D2122A600BEAF41 /* CardsView.swift in Sources */,
				7C9676922D25102400F5A8E7 /* CreateLetterView.swift in Sources */,
				7C96768A2D23B19200F5A8E7 /* AccountsListView.swift in Sources */,
				7C9676882D23A45100F5A8E7 /* DepositView.swift in Sources */,
				7C9676902D24F5C900F5A8E7 /* CreatePaymentView.swift in Sources */,
				7C96767E2D238B5600F5A8E7 /* AccountView.swift in Sources */,
				7C9676942D26450000F5A8E7 /* QRCodeView.swift in Sources */,
				7C96768C2D23BC2F00F5A8E7 /* Card.swift in Sources */,
				7C9676802D238F8B00F5A8E7 /* AccountsStorage.swift in Sources */,
				7C3314512D2122D700BEAF41 /* ContactsView.swift in Sources */,
				7C9676822D239B2200F5A8E7 /* Letter.swift in Sources */,
				7C33144D2D21227D00BEAF41 /* AccountsView.swift in Sources */,
				7C9676842D239BE200F5A8E7 /* LetterView.swift in Sources */,
				7C96767C2D238ACF00F5A8E7 /* Account.swift in Sources */,
				7C9676862D239DDB00F5A8E7 /* LettersStorage.swift in Sources */,
			);
			runOnlyForDeploymentPostprocessing = 0;
		};
/* End PBXSourcesBuildPhase section */

/* Begin XCBuildConfiguration section */
		7C3314472D21206500BEAF41 /* Debug */ = {
			isa = XCBuildConfiguration;
			buildSettings = {
				ALWAYS_SEARCH_USER_PATHS = NO;
				CLANG_ANALYZER_NONNULL = YES;
				CLANG_ANALYZER_NUMBER_OBJECT_CONVERSION = YES_AGGRESSIVE;
				CLANG_CXX_LANGUAGE_STANDARD = "gnu++20";
				CLANG_ENABLE_MODULES = YES;
				CLANG_ENABLE_OBJC_ARC = YES;
				CLANG_ENABLE_OBJC_WEAK = YES;
				CLANG_WARN_BLOCK_CAPTURE_AUTORELEASING = YES;
				CLANG_WARN_BOOL_CONVERSION = YES;
				CLANG_WARN_COMMA = YES;
				CLANG_WARN_CONSTANT_CONVERSION = YES;
				CLANG_WARN_DEPRECATED_OBJC_IMPLEMENTATIONS = YES;
				CLANG_WARN_DIRECT_OBJC_ISA_USAGE = YES_ERROR;
				CLANG_WARN_DOCUMENTATION_COMMENTS = YES;
				CLANG_WARN_EMPTY_BODY = YES;
				CLANG_WARN_ENUM_CONVERSION = YES;
				CLANG_WARN_INFINITE_RECURSION = YES;
				CLANG_WARN_INT_CONVERSION = YES;
				CLANG_WARN_NON_LITERAL_NULL_CONVERSION = YES;
				CLANG_WARN_OBJC_IMPLICIT_RETAIN_SELF = YES;
				CLANG_WARN_OBJC_LITERAL_CONVERSION = YES;
				CLANG_WARN_OBJC_ROOT_CLASS = YES_ERROR;
				CLANG_WARN_QUOTED_INCLUDE_IN_FRAMEWORK_HEADER = YES;
				CLANG_WARN_RANGE_LOOP_ANALYSIS = YES;
				CLANG_WARN_STRICT_PROTOTYPES = YES;
				CLANG_WARN_SUSPICIOUS_MOVE = YES;
				CLANG_WARN_UNGUARDED_AVAILABILITY = YES_AGGRESSIVE;
				CLANG_WARN_UNREACHABLE_CODE = YES;
				CLANG_WARN__DUPLICATE_METHOD_MATCH = YES;
				COPY_PHASE_STRIP = NO;
				DEBUG_INFORMATION_FORMAT = dwarf;
				ENABLE_STRICT_OBJC_MSGSEND = YES;
				ENABLE_TESTABILITY = YES;
				GCC_C_LANGUAGE_STANDARD = gnu11;
				GCC_DYNAMIC_NO_PIC = NO;
				GCC_NO_COMMON_BLOCKS = YES;
				GCC_OPTIMIZATION_LEVEL = 0;
				GCC_PREPROCESSOR_DEFINITIONS = (
					"DEBUG=1",
					"$(inherited)",
				);
				GCC_WARN_64_TO_32_BIT_CONVERSION = YES;
				GCC_WARN_ABOUT_RETURN_TYPE = YES_ERROR;
				GCC_WARN_UNDECLARED_SELECTOR = YES;
				GCC_WARN_UNINITIALIZED_AUTOS = YES_AGGRESSIVE;
				GCC_WARN_UNUSED_FUNCTION = YES;
				GCC_WARN_UNUSED_VARIABLE = YES;
				IPHONEOS_DEPLOYMENT_TARGET = 16.0;
				MTL_ENABLE_DEBUG_INFO = INCLUDE_SOURCE;
				MTL_FAST_MATH = YES;
				ONLY_ACTIVE_ARCH = YES;
				SDKROOT = iphoneos;
				SWIFT_ACTIVE_COMPILATION_CONDITIONS = DEBUG;
				SWIFT_OPTIMIZATION_LEVEL = "-Onone";
			};
			name = Debug;
		};
		7C3314482D21206500BEAF41 /* Release */ = {
			isa = XCBuildConfiguration;
			buildSettings = {
				ALWAYS_SEARCH_USER_PATHS = NO;
				CLANG_ANALYZER_NONNULL = YES;
				CLANG_ANALYZER_NUMBER_OBJECT_CONVERSION = YES_AGGRESSIVE;
				CLANG_CXX_LANGUAGE_STANDARD = "gnu++20";
				CLANG_ENABLE_MODULES = YES;
				CLANG_ENABLE_OBJC_ARC = YES;
				CLANG_ENABLE_OBJC_WEAK = YES;
				CLANG_WARN_BLOCK_CAPTURE_AUTORELEASING = YES;
				CLANG_WARN_BOOL_CONVERSION = YES;
				CLANG_WARN_COMMA = YES;
				CLANG_WARN_CONSTANT_CONVERSION = YES;
				CLANG_WARN_DEPRECATED_OBJC_IMPLEMENTATIONS = YES;
				CLANG_WARN_DIRECT_OBJC_ISA_USAGE = YES_ERROR;
				CLANG_WARN_DOCUMENTATION_COMMENTS = YES;
				CLANG_WARN_EMPTY_BODY = YES;
				CLANG_WARN_ENUM_CONVERSION = YES;
				CLANG_WARN_INFINITE_RECURSION = YES;
				CLANG_WARN_INT_CONVERSION = YES;
				CLANG_WARN_NON_LITERAL_NULL_CONVERSION = YES;
				CLANG_WARN_OBJC_IMPLICIT_RETAIN_SELF = YES;
				CLANG_WARN_OBJC_LITERAL_CONVERSION = YES;
				CLANG_WARN_OBJC_ROOT_CLASS = YES_ERROR;
				CLANG_WARN_QUOTED_INCLUDE_IN_FRAMEWORK_HEADER = YES;
				CLANG_WARN_RANGE_LOOP_ANALYSIS = YES;
				CLANG_WARN_STRICT_PROTOTYPES = YES;
				CLANG_WARN_SUSPICIOUS_MOVE = YES;
				CLANG_WARN_UNGUARDED_AVAILABILITY = YES_AGGRESSIVE;
				CLANG_WARN_UNREACHABLE_CODE = YES;
				CLANG_WARN__DUPLICATE_METHOD_MATCH = YES;
				COPY_PHASE_STRIP = NO;
				DEBUG_INFORMATION_FORMAT = "dwarf-with-dsym";
				ENABLE_NS_ASSERTIONS = NO;
				ENABLE_STRICT_OBJC_MSGSEND = YES;
				GCC_C_LANGUAGE_STANDARD = gnu11;
				GCC_NO_COMMON_BLOCKS = YES;
				GCC_WARN_64_TO_32_BIT_CONVERSION = YES;
				GCC_WARN_ABOUT_RETURN_TYPE = YES_ERROR;
				GCC_WARN_UNDECLARED_SELECTOR = YES;
				GCC_WARN_UNINITIALIZED_AUTOS = YES_AGGRESSIVE;
				GCC_WARN_UNUSED_FUNCTION = YES;
				GCC_WARN_UNUSED_VARIABLE = YES;
				IPHONEOS_DEPLOYMENT_TARGET = 16.0;
				MTL_ENABLE_DEBUG_INFO = NO;
				MTL_FAST_MATH = YES;
				SDKROOT = iphoneos;
				SWIFT_COMPILATION_MODE = wholemodule;
				SWIFT_OPTIMIZATION_LEVEL = "-O";
				VALIDATE_PRODUCT = YES;
			};
			name = Release;
		};
		7C33144A2D21206500BEAF41 /* Debug */ = {
			isa = XCBuildConfiguration;
			buildSettings = {
				ASSETCATALOG_COMPILER_APPICON_NAME = AppIcon;
				ASSETCATALOG_COMPILER_GLOBAL_ACCENT_COLOR_NAME = AccentColor;
				CODE_SIGN_STYLE = Automatic;
				CURRENT_PROJECT_VERSION = 1;
				DEVELOPMENT_ASSET_PATHS = "\"SimpleBankApp/Preview Content\"";
				DEVELOPMENT_TEAM = Y395B6BXRW;
				ENABLE_PREVIEWS = YES;
				GENERATE_INFOPLIST_FILE = YES;
				INFOPLIST_KEY_NSCameraUsageDescription = "We need to scan QR codes";
				INFOPLIST_KEY_UIApplicationSceneManifest_Generation = YES;
				INFOPLIST_KEY_UIApplicationSupportsIndirectInputEvents = YES;
				INFOPLIST_KEY_UILaunchScreen_Generation = YES;
				INFOPLIST_KEY_UISupportedInterfaceOrientations = UIInterfaceOrientationPortrait;
				INFOPLIST_KEY_UISupportedInterfaceOrientations_iPad = "UIInterfaceOrientationLandscapeLeft UIInterfaceOrientationLandscapeRight UIInterfaceOrientationPortrait UIInterfaceOrientationPortraitUpsideDown";
				LD_RUNPATH_SEARCH_PATHS = (
					"$(inherited)",
					"@executable_path/Frameworks",
				);
				MARKETING_VERSION = 1.0;
				PRODUCT_BUNDLE_IDENTIFIER = com.gwg.www.SimpleBankApp;
				PRODUCT_NAME = "$(TARGET_NAME)";
				SWIFT_EMIT_LOC_STRINGS = YES;
				SWIFT_VERSION = 5.0;
				TARGETED_DEVICE_FAMILY = "1,2";
			};
			name = Debug;
		};
		7C33144B2D21206500BEAF41 /* Release */ = {
			isa = XCBuildConfiguration;
			buildSettings = {
				ASSETCATALOG_COMPILER_APPICON_NAME = AppIcon;
				ASSETCATALOG_COMPILER_GLOBAL_ACCENT_COLOR_NAME = AccentColor;
				CODE_SIGN_STYLE = Automatic;
				CURRENT_PROJECT_VERSION = 1;
				DEVELOPMENT_ASSET_PATHS = "\"SimpleBankApp/Preview Content\"";
				DEVELOPMENT_TEAM = Y395B6BXRW;
				ENABLE_PREVIEWS = YES;
				GENERATE_INFOPLIST_FILE = YES;
				INFOPLIST_KEY_NSCameraUsageDescription = "We need to scan QR codes";
				INFOPLIST_KEY_UIApplicationSceneManifest_Generation = YES;
				INFOPLIST_KEY_UIApplicationSupportsIndirectInputEvents = YES;
				INFOPLIST_KEY_UILaunchScreen_Generation = YES;
				INFOPLIST_KEY_UISupportedInterfaceOrientations = UIInterfaceOrientationPortrait;
				INFOPLIST_KEY_UISupportedInterfaceOrientations_iPad = "UIInterfaceOrientationLandscapeLeft UIInterfaceOrientationLandscapeRight UIInterfaceOrientationPortrait UIInterfaceOrientationPortraitUpsideDown";
				LD_RUNPATH_SEARCH_PATHS = (
					"$(inherited)",
					"@executable_path/Frameworks",
				);
				MARKETING_VERSION = 1.0;
				PRODUCT_BUNDLE_IDENTIFIER = com.gwg.www.SimpleBankApp;
				PRODUCT_NAME = "$(TARGET_NAME)";
				SWIFT_EMIT_LOC_STRINGS = YES;
				SWIFT_VERSION = 5.0;
				TARGETED_DEVICE_FAMILY = "1,2";
			};
			name = Release;
		};
/* End XCBuildConfiguration section */

/* Begin XCConfigurationList section */
		7C3314362D21206300BEAF41 /* Build configuration list for PBXProject "SimpleBankApp" */ = {
			isa = XCConfigurationList;
			buildConfigurations = (
				7C3314472D21206500BEAF41 /* Debug */,
				7C3314482D21206500BEAF41 /* Release */,
			);
			defaultConfigurationIsVisible = 0;
			defaultConfigurationName = Release;
		};
		7C3314492D21206500BEAF41 /* Build configuration list for PBXNativeTarget "SimpleBankApp" */ = {
			isa = XCConfigurationList;
			buildConfigurations = (
				7C33144A2D21206500BEAF41 /* Debug */,
				7C33144B2D21206500BEAF41 /* Release */,
			);
			defaultConfigurationIsVisible = 0;
			defaultConfigurationName = Release;
		};
/* End XCConfigurationList section */

/* Begin XCRemoteSwiftPackageReference section */
		7C9676952D264F6B00F5A8E7 /* XCRemoteSwiftPackageReference "CodeScanner" */ = {
			isa = XCRemoteSwiftPackageReference;
			repositoryURL = "https://github.com/twostraws/CodeScanner";
			requirement = {
				kind = exactVersion;
				version = 2.3.2;
			};
		};
/* End XCRemoteSwiftPackageReference section */

/* Begin XCSwiftPackageProductDependency section */
		7C7ADC392D2A2DC60083520A /* ViewModifiersModule */ = {
			isa = XCSwiftPackageProductDependency;
			productName = ViewModifiersModule;
		};
		7C9676962D264F6B00F5A8E7 /* CodeScanner */ = {
			isa = XCSwiftPackageProductDependency;
			package = 7C9676952D264F6B00F5A8E7 /* XCRemoteSwiftPackageReference "CodeScanner" */;
			productName = CodeScanner;
		};
/* End XCSwiftPackageProductDependency section */
	};
	rootObject = 7C3314332D21206300BEAF41 /* Project object */;
}
